
Microsoft Visual Studio Solution File, Format Version 12.00
# Visual Studio 14
VisualStudioVersion = 14.0.25420.1
MinimumVisualStudioVersion = 10.0.40219.1
Project("{2150E333-8FDC-42A3-9474-1A3956D46DE8}") = "Hindi Jokes", "Hindi Jokes", "{9E120256-5E63-48B0-956D-75E2BEAB264C}"
EndProject
Project("{D954291E-2A0B-460D-934E-DC6B0785DB48}") = "Hindi Jokes.Shared", "Hindi Jokes\Hindi Jokes.Shared\Hindi Jokes.Shared.shproj", "{2902896F-5013-4590-906B-F383EF751B16}"
EndProject
Project("{FAE04EC0-301F-11D3-BF4B-00C04F79EFBC}") = "Hindi Jokes.Windows", "Hindi Jokes\Hindi Jokes.Windows\Hindi Jokes.Windows.csproj", "{9B64C420-5F6A-4134-B313-2EA2BA9F860C}"
EndProject
Project("{FAE04EC0-301F-11D3-BF4B-00C04F79EFBC}") = "Hindi Jokes.WindowsPhone", "Hindi Jokes\Hindi Jokes.WindowsPhone\Hindi Jokes.WindowsPhone.csproj", "{6AE70C2E-E23B-40FE-9992-C73E84664DF3}"
EndProject
Project("{FAE04EC0-301F-11D3-BF4B-00C04F79EFBC}") = "HindiJokes_BackgroundTasks", "HindiJokes_BackgroundTasks\HindiJokes_BackgroundTasks.csproj", "{1EB1F095-4EFB-48FA-8839-837A8F4279BD}"
EndProject
Global
	GlobalSection(SharedMSBuildProjectFiles) = preSolution
		Hindi Jokes\Hindi Jokes.Shared\Hindi Jokes.Shared.projitems*{2902896f-5013-4590-906b-f383ef751b16}*SharedItemsImports = 13
		Hindi Jokes\Hindi Jokes.Shared\Hindi Jokes.Shared.projitems*{6ae70c2e-e23b-40fe-9992-c73e84664df3}*SharedItemsImports = 4
		Hindi Jokes\Hindi Jokes.Shared\Hindi Jokes.Shared.projitems*{9b64c420-5f6a-4134-b313-2ea2ba9f860c}*SharedItemsImports = 4
	EndGlobalSection
	GlobalSection(SolutionConfigurationPlatforms) = preSolution
		Debug|Any CPU = Debug|Any CPU
		Debug|ARM = Debug|ARM
		Debug|x64 = Debug|x64
		Debug|x86 = Debug|x86
		Release|Any CPU = Release|Any CPU
		Release|ARM = Release|ARM
		Release|x64 = Release|x64
		Release|x86 = Release|x86
	EndGlobalSection
	GlobalSection(ProjectConfigurationPlatforms) = postSolution
		{9B64C420-5F6A-4134-B313-2EA2BA9F860C}.Debug|Any CPU.ActiveCfg = Debug|Any CPU
		{9B64C420-5F6A-4134-B313-2EA2BA9F860C}.Debug|Any CPU.Build.0 = Debug|Any CPU
		{9B64C420-5F6A-4134-B313-2EA2BA9F860C}.Debug|Any CPU.Deploy.0 = Debug|Any CPU
		{9B64C420-5F6A-4134-B313-2EA2BA9F860C}.Debug|ARM.ActiveCfg = Debug|ARM
		{9B64C420-5F6A-4134-B313-2EA2BA9F860C}.Debug|ARM.Build.0 = Debug|ARM
		{9B64C420-5F6A-4134-B313-2EA2BA9F860C}.Debug|ARM.Deploy.0 = Debug|ARM
		{9B64C420-5F6A-4134-B313-2EA2BA9F860C}.Debug|x64.ActiveCfg = Debug|x64
		{9B64C420-5F6A-4134-B313-2EA2BA9F860C}.Debug|x64.Build.0 = Debug|x64
		{9B64C420-5F6A-4134-B313-2EA2BA9F860C}.Debug|x64.Deploy.0 = Debug|x64
		{9B64C420-5F6A-4134-B313-2EA2BA9F860C}.Debug|x86.ActiveCfg = Debug|x86
		{9B64C420-5F6A-4134-B313-2EA2BA9F860C}.Debug|x86.Build.0 = Debug|x86
		{9B64C420-5F6A-4134-B313-2EA2BA9F860C}.Debug|x86.Deploy.0 = Debug|x86
		{9B64C420-5F6A-4134-B313-2EA2BA9F860C}.Release|Any CPU.ActiveCfg = Release|Any CPU
		{9B64C420-5F6A-4134-B313-2EA2BA9F860C}.Release|Any CPU.Build.0 = Release|Any CPU
		{9B64C420-5F6A-4134-B313-2EA2BA9F860C}.Release|Any CPU.Deploy.0 = Release|Any CPU
		{9B64C420-5F6A-4134-B313-2EA2BA9F860C}.Release|ARM.ActiveCfg = Release|ARM
		{9B64C420-5F6A-4134-B313-2EA2BA9F860C}.Release|ARM.Build.0 = Release|ARM
		{9B64C420-5F6A-4134-B313-2EA2BA9F860C}.Release|ARM.Deploy.0 = Release|ARM
		{9B64C420-5F6A-4134-B313-2EA2BA9F860C}.Release|x64.ActiveCfg = Release|x64
		{9B64C420-5F6A-4134-B313-2EA2BA9F860C}.Release|x64.Build.0 = Release|x64
		{9B64C420-5F6A-4134-B313-2EA2BA9F860C}.Release|x64.Deploy.0 = Release|x64
		{9B64C420-5F6A-4134-B313-2EA2BA9F860C}.Release|x86.ActiveCfg = Release|x86
		{9B64C420-5F6A-4134-B313-2EA2BA9F860C}.Release|x86.Build.0 = Release|x86
		{9B64C420-5F6A-4134-B313-2EA2BA9F860C}.Release|x86.Deploy.0 = Release|x86
		{6AE70C2E-E23B-40FE-9992-C73E84664DF3}.Debug|Any CPU.ActiveCfg = Debug|Any CPU
		{6AE70C2E-E23B-40FE-9992-C73E84664DF3}.Debug|Any CPU.Build.0 = Debug|Any CPU
		{6AE70C2E-E23B-40FE-9992-C73E84664DF3}.Debug|Any CPU.Deploy.0 = Debug|Any CPU
		{6AE70C2E-E23B-40FE-9992-C73E84664DF3}.Debug|ARM.ActiveCfg = Debug|ARM
		{6AE70C2E-E23B-40FE-9992-C73E84664DF3}.Debug|ARM.Build.0 = Debug|ARM
		{6AE70C2E-E23B-40FE-9992-C73E84664DF3}.Debug|ARM.Deploy.0 = Debug|ARM
		{6AE70C2E-E23B-40FE-9992-C73E84664DF3}.Debug|x64.ActiveCfg = Debug|Any CPU
		{6AE70C2E-E23B-40FE-9992-C73E84664DF3}.Debug|x64.Build.0 = Debug|Any CPU
		{6AE70C2E-E23B-40FE-9992-C73E84664DF3}.Debug|x64.Deploy.0 = Debug|Any CPU
		{6AE70C2E-E23B-40FE-9992-C73E84664DF3}.Debug|x86.ActiveCfg = Debug|x86
		{6AE70C2E-E23B-40FE-9992-C73E84664DF3}.Debug|x86.Build.0 = Debug|x86
		{6AE70C2E-E23B-40FE-9992-C73E84664DF3}.Debug|x86.Deploy.0 = Debug|x86
		{6AE70C2E-E23B-40FE-9992-C73E84664DF3}.Release|Any CPU.ActiveCfg = Release|Any CPU
		{6AE70C2E-E23B-40FE-9992-C73E84664DF3}.Release|Any CPU.Build.0 = Release|Any CPU
		{6AE70C2E-E23B-40FE-9992-C73E84664DF3}.Release|Any CPU.Deploy.0 = Release|Any CPU
		{6AE70C2E-E23B-40FE-9992-C73E84664DF3}.Release|ARM.ActiveCfg = Release|ARM
		{6AE70C2E-E23B-40FE-9992-C73E84664DF3}.Release|ARM.Build.0 = Release|ARM
		{6AE70C2E-E23B-40FE-9992-C73E84664DF3}.Release|ARM.Deploy.0 = Release|ARM
		{6AE70C2E-E23B-40FE-9992-C73E84664DF3}.Release|x64.ActiveCfg = Release|Any CPU
		{6AE70C2E-E23B-40FE-9992-C73E84664DF3}.Release|x64.Build.0 = Release|Any CPU
		{6AE70C2E-E23B-40FE-9992-C73E84664DF3}.Release|x64.Deploy.0 = Release|Any CPU
		{6AE70C2E-E23B-40FE-9992-C73E84664DF3}.Release|x86.ActiveCfg = Release|x86
		{6AE70C2E-E23B-40FE-9992-C73E84664DF3}.Release|x86.Build.0 = Release|x86
		{6AE70C2E-E23B-40FE-9992-C73E84664DF3}.Release|x86.Deploy.0 = Release|x86
		{1EB1F095-4EFB-48FA-8839-837A8F4279BD}.Debug|Any CPU.ActiveCfg = Debug|Any CPU
		{1EB1F095-4EFB-48FA-8839-837A8F4279BD}.Debug|Any CPU.Build.0 = Debug|Any CPU
		{1EB1F095-4EFB-48FA-8839-837A8F4279BD}.Debug|ARM.ActiveCfg = Debug|Any CPU
		{1EB1F095-4EFB-48FA-8839-837A8F4279BD}.Debug|ARM.Build.0 = Debug|Any CPU
		{1EB1F095-4EFB-48FA-8839-837A8F4279BD}.Debug|x64.ActiveCfg = Debug|Any CPU
		{1EB1F095-4EFB-48FA-8839-837A8F4279BD}.Debug|x64.Build.0 = Debug|Any CPU
		{1EB1F095-4EFB-48FA-8839-837A8F4279BD}.Debug|x86.ActiveCfg = Debug|Any CPU
		{1EB1F095-4EFB-48FA-8839-837A8F4279BD}.Debug|x86.Build.0 = Debug|Any CPU
		{1EB1F095-4EFB-48FA-8839-837A8F4279BD}.Release|Any CPU.ActiveCfg = Release|Any CPU
		{1EB1F095-4EFB-48FA-8839-837A8F4279BD}.Release|Any CPU.Build.0 = Release|Any CPU
		{1EB1F095-4EFB-48FA-8839-837A8F4279BD}.Release|ARM.ActiveCfg = Release|Any CPU
		{1EB1F095-4EFB-48FA-8839-837A8F4279BD}.Release|ARM.Build.0 = Release|Any CPU
		{1EB1F095-4EFB-48FA-8839-837A8F4279BD}.Release|x64.ActiveCfg = Release|Any CPU
		{1EB1F095-4EFB-48FA-8839-837A8F4279BD}.Release|x64.Build.0 = Release|Any CPU
		{1EB1F095-4EFB-48FA-8839-837A8F4279BD}.Release|x86.ActiveCfg = Release|Any CPU
		{1EB1F095-4EFB-48FA-8839-837A8F4279BD}.Release|x86.Build.0 = Release|Any CPU
	EndGlobalSection
	GlobalSection(SolutionProperties) = preSolution
		HideSolutionNode = FALSE
	EndGlobalSection
	GlobalSection(NestedProjects) = preSolution
		{2902896F-5013-4590-906B-F383EF751B16} = {9E120256-5E63-48B0-956D-75E2BEAB264C}
		{9B64C420-5F6A-4134-B313-2EA2BA9F860C} = {9E120256-5E63-48B0-956D-75E2BEAB264C}
		{6AE70C2E-E23B-40FE-9992-C73E84664DF3} = {9E120256-5E63-48B0-956D-75E2BEAB264C}
	EndGlobalSection
EndGlobal
